// !$*UTF8*$!
{
	archiveVersion = 1;
	classes = {
	};
	objectVersion = 46;
	objects = {

/* Begin PBXBuildFile section */
		ACD1BE841FE9FCD7002F40D9 /* main.m in Sources */ = {isa = PBXBuildFile; fileRef = ACD1BE831FE9FCD7002F40D9 /* main.m */; };
		ACD1BE871FE9FCD7002F40D9 /* AppDelegate.m in Sources */ = {isa = PBXBuildFile; fileRef = ACD1BE861FE9FCD7002F40D9 /* AppDelegate.m */; };
		ACD1BE8A1FE9FCD7002F40D9 /* ViewController.m in Sources */ = {isa = PBXBuildFile; fileRef = ACD1BE891FE9FCD7002F40D9 /* ViewController.m */; };
		ACD1BE8D1FE9FCD7002F40D9 /* Main.storyboard in Resources */ = {isa = PBXBuildFile; fileRef = ACD1BE8B1FE9FCD7002F40D9 /* Main.storyboard */; };
		ACD1BE8F1FE9FCD7002F40D9 /* Assets.xcassets in Resources */ = {isa = PBXBuildFile; fileRef = ACD1BE8E1FE9FCD7002F40D9 /* Assets.xcassets */; };
		ACD1BE921FE9FCD7002F40D9 /* LaunchScreen.storyboard in Resources */ = {isa = PBXBuildFile; fileRef = ACD1BE901FE9FCD7002F40D9 /* LaunchScreen.storyboard */; };
/* End PBXBuildFile section */

/* Begin PBXFileReference section */
		ACD1BE7F1FE9FCD7002F40D9 /* KYTextFiledViewController.app */ = {isa = PBXFileReference; explicitFileType = wrapper.application; includeInIndex = 0; path = KYTextFiledViewController.app; sourceTree = BUILT_PRODUCTS_DIR; };
		ACD1BE831FE9FCD7002F40D9 /* main.m */ = {isa = PBXFileReference; lastKnownFileType = sourcecode.c.objc; path = main.m; sourceTree = "<group>"; };
		ACD1BE851FE9FCD7002F40D9 /* AppDelegate.h */ = {isa = PBXFileReference; lastKnownFileType = sourcecode.c.h; path = AppDelegate.h; sourceTree = "<group>"; };
		ACD1BE861FE9FCD7002F40D9 /* AppDelegate.m */ = {isa = PBXFileReference; lastKnownFileType = sourcecode.c.objc; path = AppDelegate.m; sourceTree = "<group>"; };
		ACD1BE881FE9FCD7002F40D9 /* ViewController.h */ = {isa = PBXFileReference; lastKnownFileType = sourcecode.c.h; path = ViewController.h; sourceTree = "<group>"; };
		ACD1BE891FE9FCD7002F40D9 /* ViewController.m */ = {isa = PBXFileReference; lastKnownFileType = sourcecode.c.objc; path = ViewController.m; sourceTree = "<group>"; };
		ACD1BE8C1FE9FCD7002F40D9 /* Base */ = {isa = PBXFileReference; lastKnownFileType = file.storyboard; name = Base; path = Base.lproj/Main.storyboard; sourceTree = "<group>"; };
		ACD1BE8E1FE9FCD7002F40D9 /* Assets.xcassets */ = {isa = PBXFileReference; lastKnownFileType = folder.assetcatalog; path = Assets.xcassets; sourceTree = "<group>"; };
		ACD1BE911FE9FCD7002F40D9 /* Base */ = {isa = PBXFileReference; lastKnownFileType = file.storyboard; name = Base; path = Base.lproj/LaunchScreen.storyboard; sourceTree = "<group>"; };
		ACD1BE931FE9FCD7002F40D9 /* Info.plist */ = {isa = PBXFileReference; lastKnownFileType = text.plist.xml; path = Info.plist; sourceTree = "<group>"; };
/* End PBXFileReference section */

/* Begin PBXFrameworksBuildPhase section */
		ACD1BE7C1FE9FCD7002F40D9 /* Frameworks */ = {
			isa = PBXFrameworksBuildPhase;
			buildActionMask = 2147483647;
			files = (
			);
			runOnlyForDeploymentPostprocessing = 0;
		};
/* End PBXFrameworksBuildPhase section */

/* Begin PBXGroup section */
		ACD1BE761FE9FCD7002F40D9 = {
			isa = PBXGroup;
			children = (
				ACD1BE811FE9FCD7002F40D9 /* KYTextFiledViewController */,
				ACD1BE801FE9FCD7002F40D9 /* Products */,
			);
			sourceTree = "<group>";
		};
		ACD1BE801FE9FCD7002F40D9 /* Products */ = {
			isa = PBXGroup;
			children = (
				ACD1BE7F1FE9FCD7002F40D9 /* KYTextFiledViewController.app */,
			);
			name = Products;
			sourceTree = "<group>";
		};
		ACD1BE811FE9FCD7002F40D9 /* KYTextFiledViewController */ = {
			isa = PBXGroup;
			children = (
				ACD1BE851FE9FCD7002F40D9 /* AppDelegate.h */,
				ACD1BE861FE9FCD7002F40D9 /* AppDelegate.m */,
				ACD1BE881FE9FCD7002F40D9 /* ViewController.h */,
				ACD1BE891FE9FCD7002F40D9 /* ViewController.m */,
				ACD1BE8B1FE9FCD7002F40D9 /* Main.storyboard */,
				ACD1BE8E1FE9FCD7002F40D9 /* Assets.xcassets */,
				ACD1BE901FE9FCD7002F40D9 /* LaunchScreen.storyboard */,
				ACD1BE931FE9FCD7002F40D9 /* Info.plist */,
				ACD1BE821FE9FCD7002F40D9 /* Supporting Files */,
			);
			path = KYTextFiledViewController;
			sourceTree = "<group>";
		};
		ACD1BE821FE9FCD7002F40D9 /* Supporting Files */ = {
			isa = PBXGroup;
			children = (
				ACD1BE831FE9FCD7002F40D9 /* main.m */,
			);
			name = "Supporting Files";
			sourceTree = "<group>";
		};
/* End PBXGroup section */

/* Begin PBXNativeTarget section */
		ACD1BE7E1FE9FCD7002F40D9 /* KYTextFiledViewController */ = {
			isa = PBXNativeTarget;
			buildConfigurationList = ACD1BE961FE9FCD7002F40D9 /* Build configuration list for PBXNativeTarget "KYTextFiledViewController" */;
			buildPhases = (
				ACD1BE7B1FE9FCD7002F40D9 /* Sources */,
				ACD1BE7C1FE9FCD7002F40D9 /* Frameworks */,
				ACD1BE7D1FE9FCD7002F40D9 /* Resources */,
			);
			buildRules = (
			);
			dependencies = (
			);
			name = KYTextFiledViewController;
			productName = KYTextFiledViewController;
			productReference = ACD1BE7F1FE9FCD7002F40D9 /* KYTextFiledViewController.app */;
			productType = "com.apple.product-type.application";
		};
/* End PBXNativeTarget section */

/* Begin PBXProject section */
		ACD1BE771FE9FCD7002F40D9 /* Project object */ = {
			isa = PBXProject;
			attributes = {
				LastUpgradeCheck = 0820;
				ORGANIZATIONNAME = "康义";
				TargetAttributes = {
					ACD1BE7E1FE9FCD7002F40D9 = {
						CreatedOnToolsVersion = 8.2.1;
						DevelopmentTeam = 6H6RGPGPNQ;
						ProvisioningStyle = Automatic;
					};
				};
			};
			buildConfigurationList = ACD1BE7A1FE9FCD7002F40D9 /* Build configuration list for PBXProject "KYTextFiledViewController" */;
			compatibilityVersion = "Xcode 3.2";
			developmentRegion = English;
			hasScannedForEncodings = 0;
			knownRegions = (
				en,
				Base,
			);
			mainGroup = ACD1BE761FE9FCD7002F40D9;
			productRefGroup = ACD1BE801FE9FCD7002F40D9 /* Products */;
			projectDirPath = "";
			projectRoot = "";
			targets = (
				ACD1BE7E1FE9FCD7002F40D9 /* KYTextFiledViewController */,
			);
		};
/* End PBXProject section */

/* Begin PBXResourcesBuildPhase section */
		ACD1BE7D1FE9FCD7002F40D9 /* Resources */ = {
			isa = PBXResourcesBuildPhase;
			buildActionMask = 2147483647;
			files = (
				ACD1BE921FE9FCD7002F40D9 /* LaunchScreen.storyboard in Resources */,
				ACD1BE8F1FE9FCD7002F40D9 /* Assets.xcassets in Resources */,
				ACD1BE8D1FE9FCD7002F40D9 /* Main.storyboard in Resources */,
			);
			runOnlyForDeploymentPostprocessing = 0;
		};
/* End PBXResourcesBuildPhase section */

/* Begin PBXSourcesBuildPhase section */
		ACD1BE7B1FE9FCD7002F40D9 /* Sources */ = {
			isa = PBXSourcesBuildPhase;
			buildActionMask = 2147483647;
			files = (
				ACD1BE8A1FE9FCD7002F40D9 /* ViewController.m in Sources */,
				ACD1BE871FE9FCD7002F40D9 /* AppDelegate.m in Sources */,
				ACD1BE841FE9FCD7002F40D9 /* main.m in Sources */,
			);
			runOnlyForDeploymentPostprocessing = 0;
		};
/* End PBXSourcesBuildPhase section */

/* Begin PBXVariantGroup section */
		ACD1BE8B1FE9FCD7002F40D9 /* Main.storyboard */ = {
			isa = PBXVariantGroup;
			children = (
				ACD1BE8C1FE9FCD7002F40D9 /* Base */,
			);
			name = Main.storyboard;
			sourceTree = "<group>";
		};
		ACD1BE901FE9FCD7002F40D9 /* LaunchScreen.storyboard */ = {
			isa = PBXVariantGroup;
			children = (
				ACD1BE911FE9FCD7002F40D9 /* Base */,
			);
			name = LaunchScreen.storyboard;
			sourceTree = "<group>";
		};
/* End PBXVariantGroup section */

/* Begin XCBuildConfiguration section */
		ACD1BE941FE9FCD7002F40D9 /* Debug */ = {
			isa = XCBuildConfiguration;
			buildSettings = {
				ALWAYS_SEARCH_USER_PATHS = NO;
				CLANG_ANALYZER_NONNULL = YES;
				CLANG_CXX_LANGUAGE_STANDARD = "gnu++0x";
				CLANG_CXX_LIBRARY = "libc++";
				CLANG_ENABLE_MODULES = YES;
				CLANG_ENABLE_OBJC_ARC = YES;
				CLANG_WARN_BOOL_CONVERSION = YES;
				CLANG_WARN_CONSTANT_CONVERSION = YES;
				CLANG_WARN_DIRECT_OBJC_ISA_USAGE = YES_ERROR;
				CLANG_WARN_DOCUMENTATION_COMMENTS = YES;
				CLANG_WARN_EMPTY_BODY = YES;
				CLANG_WARN_ENUM_CONVERSION = YES;
				CLANG_WARN_INFINITE_RECURSION = YES;
				CLANG_WARN_INT_CONVERSION = YES;
				CLANG_WARN_OBJC_ROOT_CLASS = YES_ERROR;
				CLANG_WARN_SUSPICIOUS_MOVE = YES;
				CLANG_WARN_UNREACHABLE_CODE = YES;
				CLANG_WARN__DUPLICATE_METHOD_MATCH = YES;
				"CODE_SIGN_IDENTITY[sdk=iphoneos*]" = "iPhone Developer";
				COPY_PHASE_STRIP = NO;
				DEBUG_INFORMATION_FORMAT = dwarf;
				ENABLE_STRICT_OBJC_MSGSEND = YES;
				ENABLE_TESTABILITY = YES;
				GCC_C_LANGUAGE_STANDARD = gnu99;
				GCC_DYNAMIC_NO_PIC = NO;
				GCC_NO_COMMON_BLOCKS = YES;
				GCC_OPTIMIZATION_LEVEL = 0;
				GCC_PREPROCESSOR_DEFINITIONS = (
					"DEBUG=1",
					"$(inherited)",
				);
				GCC_WARN_64_TO_32_BIT_CONVERSION = YES;
				GCC_WARN_ABOUT_RETURN_TYPE = YES_ERROR;
				GCC_WARN_UNDECLARED_SELECTOR = YES;
				GCC_WARN_UNINITIALIZED_AUTOS = YES_AGGRESSIVE;
				GCC_WARN_UNUSED_FUNCTION = YES;
				GCC_WARN_UNUSED_VARIABLE = YES;
				IPHONEOS_DEPLOYMENT_TARGET = 10.2;
				MTL_ENABLE_DEBUG_INFO = YES;
				ONLY_ACTIVE_ARCH = YES;
				SDKROOT = iphoneos;
			};
			name = Debug;
		};
		ACD1BE951FE9FCD7002F40D9 /* Release */ = {
			isa = XCBuildConfiguration;
			buildSettings = {
				ALWAYS_SEARCH_USER_PATHS = NO;
				CLANG_ANALYZER_NONNULL = YES;
				CLANG_CXX_LANGUAGE_STANDARD = "gnu++0x";
				CLANG_CXX_LIBRARY = "libc++";
				CLANG_ENABLE_MODULES = YES;
				CLANG_ENABLE_OBJC_ARC = YES;
				CLANG_WARN_BOOL_CONVERSION = YES;
				CLANG_WARN_CONSTANT_CONVERSION = YES;
				CLANG_WARN_DIRECT_OBJC_ISA_USAGE = YES_ERROR;
				CLANG_WARN_DOCUMENTATION_COMMENTS = YES;
				CLANG_WARN_EMPTY_BODY = YES;
				CLANG_WARN_ENUM_CONVERSION = YES;
				CLANG_WARN_INFINITE_RECURSION = YES;
				CLANG_WARN_INT_CONVERSION = YES;
				CLANG_WARN_OBJC_ROOT_CLASS = YES_ERROR;
				CLANG_WARN_SUSPICIOUS_MOVE = YES;
				CLANG_WARN_UNREACHABLE_CODE = YES;
				CLANG_WARN__DUPLICATE_METHOD_MATCH = YES;
				"CODE_SIGN_IDENTITY[sdk=iphoneos*]" = "iPhone Developer";
				COPY_PHASE_STRIP = NO;
				DEBUG_INFORMATION_FORMAT = "dwarf-with-dsym";
				ENABLE_NS_ASSERTIONS = NO;
				ENABLE_STRICT_OBJC_MSGSEND = YES;
				GCC_C_LANGUAGE_STANDARD = gnu99;
				GCC_NO_COMMON_BLOCKS = YES;
				GCC_WARN_64_TO_32_BIT_CONVERSION = YES;
				GCC_WARN_ABOUT_RETURN_TYPE = YES_ERROR;
				GCC_WARN_UNDECLARED_SELECTOR = YES;
				GCC_WARN_UNINITIALIZED_AUTOS = YES_AGGRESSIVE;
				GCC_WARN_UNUSED_FUNCTION = YES;
				GCC_WARN_UNUSED_VARIABLE = YES;
				IPHONEOS_DEPLOYMENT_TARGET = 10.2;
				MTL_ENABLE_DEBUG_INFO = NO;
				SDKROOT = iphoneos;
				VALIDATE_PRODUCT = YES;
			};
			name = Release;
		};
		ACD1BE971FE9FCD7002F40D9 /* Debug */ = {
			isa = XCBuildConfiguration;
			buildSettings = {
				ASSETCATALOG_COMPILER_APPICON_NAME = AppIcon;
				DEVELOPMENT_TEAM = 6H6RGPGPNQ;
				INFOPLIST_FILE = KYTextFiledViewController/Info.plist;
				LD_RUNPATH_SEARCH_PATHS = "$(inherited) @executable_path/Frameworks";
				PRODUCT_BUNDLE_IDENTIFIER = com.kangyi.KYTextFiledViewController;
				PRODUCT_NAME = "$(TARGET_NAME)";
			};
			name = Debug;
		};
		ACD1BE981FE9FCD7002F40D9 /* Release */ = {
			isa = XCBuildConfiguration;
			buildSettings = {
				ASSETCATALOG_COMPILER_APPICON_NAME = AppIcon;
				DEVELOPMENT_TEAM = 6H6RGPGPNQ;
				INFOPLIST_FILE = KYTextFiledViewController/Info.plist;
				LD_RUNPATH_SEARCH_PATHS = "$(inherited) @executable_path/Frameworks";
				PRODUCT_BUNDLE_IDENTIFIER = com.kangyi.KYTextFiledViewController;
				PRODUCT_NAME = "$(TARGET_NAME)";
			};
			name = Release;
		};
/* End XCBuildConfiguration section */

/* Begin XCConfigurationList section */
		ACD1BE7A1FE9FCD7002F40D9 /* Build configuration list for PBXProject "KYTextFiledViewController" */ = {
			isa = XCConfigurationList;
			buildConfigurations = (
				ACD1BE941FE9FCD7002F40D9 /* Debug */,
				ACD1BE951FE9FCD7002F40D9 /* Release */,
			);
			defaultConfigurationIsVisible = 0;
			defaultConfigurationName = Release;
		};
		ACD1BE961FE9FCD7002F40D9 /* Build configuration list for PBXNativeTarget "KYTextFiledViewController" */ = {
			isa = XCConfigurationList;
			buildConfigurations = (
				ACD1BE971FE9FCD7002F40D9 /* Debug */,
				ACD1BE981FE9FCD7002F40D9 /* Release */,
			);
			defaultConfigurationIsVisible = 0;
		};
/* End XCConfigurationList section */
	};
	rootObject = ACD1BE771FE9FCD7002F40D9 /* Project object */;
}
